
Microsoft Visual Studio Solution File, Format Version 12.00
# Visual Studio Version 16
VisualStudioVersion = 16.0.29001.49
MinimumVisualStudioVersion = 10.0.40219.1
Project("{FAE04EC0-301F-11D3-BF4B-00C04F79EFBC}") = "Numbers", "Numbers\Numbers.csproj", "{01E189F1-3AAE-4D13-9EEF-5D304E15FCC8}"
EndProject
Global
	GlobalSection(SolutionConfigurationPlatforms) = preSolution
		Debug|Any CPU = Debug|Any CPU
		Release|Any CPU = Release|Any CPU
	EndGlobalSection
	GlobalSection(ProjectConfigurationPlatforms) = postSolution
		{01E189F1-3AAE-4D13-9EEF-5D304E15FCC8}.Debug|Any CPU.ActiveCfg = Debug|Any CPU
		{01E189F1-3AAE-4D13-9EEF-5D304E15FCC8}.Debug|Any CPU.Build.0 = Debug|Any CPU
		{01E189F1-3AAE-4D13-9EEF-5D304E15FCC8}.Release|Any CPU.ActiveCfg = Release|Any CPU
		{01E189F1-3AAE-4D13-9EEF-5D304E15FCC8}.Release|Any CPU.Build.0 = Release|Any CPU
	EndGlobalSection
	GlobalSection(SolutionProperties) = preSolution
		HideSolutionNode = FALSE
	EndGlobalSection
	GlobalSection(ExtensibilityGlobals) = postSolution
		SolutionGuid = {0EAFE0D9-4BA7-437A-91F6-8373BF988AC6}
	EndGlobalSection
EndGlobal
